
Microsoft Visual Studio Solution File, Format Version 12.00
# Visual Studio 15
VisualStudioVersion = 15.0.28010.2019
MinimumVisualStudioVersion = 10.0.40219.1
Project("{FAE04EC0-301F-11D3-BF4B-00C04F79EFBC}") = "HelloWinForms", "HelloWinForms\HelloWinForms.csproj", "{63E301BB-CCA4-46FE-8B1C-224E54D86130}"
EndProject
Project("{FAE04EC0-301F-11D3-BF4B-00C04F79EFBC}") = "HelloWPF", "HelloWPF\HelloWPF.csproj", "{6008B8EC-A8C9-4713-93E5-35E055786F94}"
EndProject
Project("{E24C65DC-7377-472B-9ABA-BC803B73C61A}") = "HelloWebForms", "HelloWebForms\", "{7242D86D-0FD3-4056-991A-2AE439B87A66}"
	ProjectSection(WebsiteProperties) = preProject
		TargetFrameworkMoniker = ".NETFramework,Version%3Dv4.6.1"
		Debug.AspNetCompiler.VirtualPath = "/localhost_50741"
		Debug.AspNetCompiler.PhysicalPath = "HelloWebForms\"
		Debug.AspNetCompiler.TargetPath = "PrecompiledWeb\localhost_50741\"
		Debug.AspNetCompiler.Updateable = "true"
		Debug.AspNetCompiler.ForceOverwrite = "true"
		Debug.AspNetCompiler.FixedNames = "false"
		Debug.AspNetCompiler.Debug = "True"
		Release.AspNetCompiler.VirtualPath = "/localhost_50741"
		Release.AspNetCompiler.PhysicalPath = "HelloWebForms\"
		Release.AspNetCompiler.TargetPath = "PrecompiledWeb\localhost_50741\"
		Release.AspNetCompiler.Updateable = "true"
		Release.AspNetCompiler.ForceOverwrite = "true"
		Release.AspNetCompiler.FixedNames = "false"
		Release.AspNetCompiler.Debug = "False"
		VWDPort = "50741"
		DefaultWebSiteLanguage = "Visual C#"
	EndProjectSection
EndProject
Project("{FAE04EC0-301F-11D3-BF4B-00C04F79EFBC}") = "HelloConsole", "HelloConsole1\HelloConsole.csproj", "{A84BBCCC-E170-43AD-9466-D5E74934EB17}"
EndProject
Global
	GlobalSection(SolutionConfigurationPlatforms) = preSolution
		Debug|Any CPU = Debug|Any CPU
		Release|Any CPU = Release|Any CPU
	EndGlobalSection
	GlobalSection(ProjectConfigurationPlatforms) = postSolution
		{63E301BB-CCA4-46FE-8B1C-224E54D86130}.Debug|Any CPU.ActiveCfg = Debug|Any CPU
		{63E301BB-CCA4-46FE-8B1C-224E54D86130}.Debug|Any CPU.Build.0 = Debug|Any CPU
		{63E301BB-CCA4-46FE-8B1C-224E54D86130}.Release|Any CPU.ActiveCfg = Release|Any CPU
		{63E301BB-CCA4-46FE-8B1C-224E54D86130}.Release|Any CPU.Build.0 = Release|Any CPU
		{6008B8EC-A8C9-4713-93E5-35E055786F94}.Debug|Any CPU.ActiveCfg = Debug|Any CPU
		{6008B8EC-A8C9-4713-93E5-35E055786F94}.Debug|Any CPU.Build.0 = Debug|Any CPU
		{6008B8EC-A8C9-4713-93E5-35E055786F94}.Release|Any CPU.ActiveCfg = Release|Any CPU
		{6008B8EC-A8C9-4713-93E5-35E055786F94}.Release|Any CPU.Build.0 = Release|Any CPU
		{7242D86D-0FD3-4056-991A-2AE439B87A66}.Debug|Any CPU.ActiveCfg = Debug|Any CPU
		{7242D86D-0FD3-4056-991A-2AE439B87A66}.Debug|Any CPU.Build.0 = Debug|Any CPU
		{7242D86D-0FD3-4056-991A-2AE439B87A66}.Release|Any CPU.ActiveCfg = Debug|Any CPU
		{7242D86D-0FD3-4056-991A-2AE439B87A66}.Release|Any CPU.Build.0 = Debug|Any CPU
		{A84BBCCC-E170-43AD-9466-D5E74934EB17}.Debug|Any CPU.ActiveCfg = Debug|Any CPU
		{A84BBCCC-E170-43AD-9466-D5E74934EB17}.Debug|Any CPU.Build.0 = Debug|Any CPU
		{A84BBCCC-E170-43AD-9466-D5E74934EB17}.Release|Any CPU.ActiveCfg = Release|Any CPU
		{A84BBCCC-E170-43AD-9466-D5E74934EB17}.Release|Any CPU.Build.0 = Release|Any CPU
	EndGlobalSection
	GlobalSection(SolutionProperties) = preSolution
		HideSolutionNode = FALSE
	EndGlobalSection
	GlobalSection(ExtensibilityGlobals) = postSolution
		SolutionGuid = {92A77679-1AC2-40AF-A77C-17D37537B5A2}
	EndGlobalSection
EndGlobal
